
Microsoft Visual Studio Solution File, Format Version 12.00
# Visual Studio Version 16
VisualStudioVersion = 16.0.31129.286
MinimumVisualStudioVersion = 10.0.40219.1
Project("{FAE04EC0-301F-11D3-BF4B-00C04F79EFBC}") = "textbox", "textbox\textbox.csproj", "{C736D3CA-0859-4AFF-B3C3-1DEDD6E8D6ED}"
EndProject
Global
	GlobalSection(SolutionConfigurationPlatforms) = preSolution
		Debug|Any CPU = Debug|Any CPU
		Release|Any CPU = Release|Any CPU
	EndGlobalSection
	GlobalSection(ProjectConfigurationPlatforms) = postSolution
		{C736D3CA-0859-4AFF-B3C3-1DEDD6E8D6ED}.Debug|Any CPU.ActiveCfg = Debug|Any CPU
		{C736D3CA-0859-4AFF-B3C3-1DEDD6E8D6ED}.Debug|Any CPU.Build.0 = Debug|Any CPU
		{C736D3CA-0859-4AFF-B3C3-1DEDD6E8D6ED}.Release|Any CPU.ActiveCfg = Release|Any CPU
		{C736D3CA-0859-4AFF-B3C3-1DEDD6E8D6ED}.Release|Any CPU.Build.0 = Release|Any CPU
	EndGlobalSection
	GlobalSection(SolutionProperties) = preSolution
		HideSolutionNode = FALSE
	EndGlobalSection
	GlobalSection(ExtensibilityGlobals) = postSolution
		SolutionGuid = {44EE7F8B-9F63-4247-9578-116ED8A2BD42}
	EndGlobalSection
EndGlobal
