
Microsoft Visual Studio Solution File, Format Version 12.00
# Visual Studio Version 16
VisualStudioVersion = 16.0.31129.286
MinimumVisualStudioVersion = 10.0.40219.1
Project("{FAE04EC0-301F-11D3-BF4B-00C04F79EFBC}") = "knapp", "knapp\knapp.csproj", "{717CCF8D-576B-41CE-9E23-488C9CAC8D4A}"
EndProject
Global
	GlobalSection(SolutionConfigurationPlatforms) = preSolution
		Debug|Any CPU = Debug|Any CPU
		Release|Any CPU = Release|Any CPU
	EndGlobalSection
	GlobalSection(ProjectConfigurationPlatforms) = postSolution
		{717CCF8D-576B-41CE-9E23-488C9CAC8D4A}.Debug|Any CPU.ActiveCfg = Debug|Any CPU
		{717CCF8D-576B-41CE-9E23-488C9CAC8D4A}.Debug|Any CPU.Build.0 = Debug|Any CPU
		{717CCF8D-576B-41CE-9E23-488C9CAC8D4A}.Release|Any CPU.ActiveCfg = Release|Any CPU
		{717CCF8D-576B-41CE-9E23-488C9CAC8D4A}.Release|Any CPU.Build.0 = Release|Any CPU
	EndGlobalSection
	GlobalSection(SolutionProperties) = preSolution
		HideSolutionNode = FALSE
	EndGlobalSection
	GlobalSection(ExtensibilityGlobals) = postSolution
		SolutionGuid = {C0BA7449-3E46-42ED-9C96-334F0FF95BD0}
	EndGlobalSection
EndGlobal
